
Microsoft Visual Studio Solution File, Format Version 12.00
# Visual Studio Version 16
VisualStudioVersion = 16.0.30309.148
MinimumVisualStudioVersion = 10.0.40219.1
Project("{FAE04EC0-301F-11D3-BF4B-00C04F79EFBC}") = "Glihmware.Azure.Storage", "Glihmware.Azure.Storage\Glihmware.Azure.Storage.csproj", "{C99FD86E-9F9E-4E70-8BEB-3E7DED8FC6E2}"
EndProject
Project("{FAE04EC0-301F-11D3-BF4B-00C04F79EFBC}") = "Tests", "Tests\Tests.csproj", "{651BAFB0-9D5E-4ACD-ADDE-A375EAA6863B}"
EndProject
Global
	GlobalSection(SolutionConfigurationPlatforms) = preSolution
		Debug|Any CPU = Debug|Any CPU
		Release|Any CPU = Release|Any CPU
	EndGlobalSection
	GlobalSection(ProjectConfigurationPlatforms) = postSolution
		{C99FD86E-9F9E-4E70-8BEB-3E7DED8FC6E2}.Debug|Any CPU.ActiveCfg = Debug|Any CPU
		{C99FD86E-9F9E-4E70-8BEB-3E7DED8FC6E2}.Debug|Any CPU.Build.0 = Debug|Any CPU
		{C99FD86E-9F9E-4E70-8BEB-3E7DED8FC6E2}.Release|Any CPU.ActiveCfg = Release|Any CPU
		{C99FD86E-9F9E-4E70-8BEB-3E7DED8FC6E2}.Release|Any CPU.Build.0 = Release|Any CPU
		{651BAFB0-9D5E-4ACD-ADDE-A375EAA6863B}.Debug|Any CPU.ActiveCfg = Debug|Any CPU
		{651BAFB0-9D5E-4ACD-ADDE-A375EAA6863B}.Debug|Any CPU.Build.0 = Debug|Any CPU
		{651BAFB0-9D5E-4ACD-ADDE-A375EAA6863B}.Release|Any CPU.ActiveCfg = Release|Any CPU
		{651BAFB0-9D5E-4ACD-ADDE-A375EAA6863B}.Release|Any CPU.Build.0 = Release|Any CPU
	EndGlobalSection
	GlobalSection(SolutionProperties) = preSolution
		HideSolutionNode = FALSE
	EndGlobalSection
	GlobalSection(ExtensibilityGlobals) = postSolution
		SolutionGuid = {DBFB8777-A01E-4109-B74D-D2A673977CCD}
	EndGlobalSection
EndGlobal
